
Microsoft Visual Studio Solution File, Format Version 12.00
# Visual Studio Version 17
VisualStudioVersion = 17.14.36408.4
MinimumVisualStudioVersion = 10.0.40219.1
Project("{FAE04EC0-301F-11D3-BF4B-00C04F79EFBC}") = "BauGame.Engine", "src\BauGame.Engine\BauGame.Engine.csproj", "{0B29708A-5982-6539-886C-ADA030183B14}"
EndProject
Project("{FAE04EC0-301F-11D3-BF4B-00C04F79EFBC}") = "EngineSample.Core", "src\samples\EngineSample\EngineSample.Core\EngineSample.Core.csproj", "{A8088058-8725-51A9-B3CF-F90D86149C28}"
EndProject
Project("{FAE04EC0-301F-11D3-BF4B-00C04F79EFBC}") = "EngineSample.DesktopGL", "src\samples\EngineSample\EngineSample.DesktopGL\EngineSample.DesktopGL.csproj", "{4A7EFC9F-13D3-8F6B-4891-D303589654C3}"
EndProject
Global
	GlobalSection(SolutionConfigurationPlatforms) = preSolution
		Debug|Any CPU = Debug|Any CPU
		Release|Any CPU = Release|Any CPU
	EndGlobalSection
	GlobalSection(ProjectConfigurationPlatforms) = postSolution
		{0B29708A-5982-6539-886C-ADA030183B14}.Debug|Any CPU.ActiveCfg = Debug|Any CPU
		{0B29708A-5982-6539-886C-ADA030183B14}.Debug|Any CPU.Build.0 = Debug|Any CPU
		{0B29708A-5982-6539-886C-ADA030183B14}.Release|Any CPU.ActiveCfg = Release|Any CPU
		{0B29708A-5982-6539-886C-ADA030183B14}.Release|Any CPU.Build.0 = Release|Any CPU
		{A8088058-8725-51A9-B3CF-F90D86149C28}.Debug|Any CPU.ActiveCfg = Debug|Any CPU
		{A8088058-8725-51A9-B3CF-F90D86149C28}.Debug|Any CPU.Build.0 = Debug|Any CPU
		{A8088058-8725-51A9-B3CF-F90D86149C28}.Release|Any CPU.ActiveCfg = Release|Any CPU
		{A8088058-8725-51A9-B3CF-F90D86149C28}.Release|Any CPU.Build.0 = Release|Any CPU
		{4A7EFC9F-13D3-8F6B-4891-D303589654C3}.Debug|Any CPU.ActiveCfg = Debug|Any CPU
		{4A7EFC9F-13D3-8F6B-4891-D303589654C3}.Debug|Any CPU.Build.0 = Debug|Any CPU
		{4A7EFC9F-13D3-8F6B-4891-D303589654C3}.Release|Any CPU.ActiveCfg = Release|Any CPU
		{4A7EFC9F-13D3-8F6B-4891-D303589654C3}.Release|Any CPU.Build.0 = Release|Any CPU
	EndGlobalSection
	GlobalSection(SolutionProperties) = preSolution
		HideSolutionNode = FALSE
	EndGlobalSection
	GlobalSection(ExtensibilityGlobals) = postSolution
		SolutionGuid = {D92BC5A5-ACD4-4448-8F4C-886A834CCD61}
	EndGlobalSection
EndGlobal
