
Microsoft Visual Studio Solution File, Format Version 12.00
# Visual Studio Version 17
VisualStudioVersion = 17.14.36915.13
MinimumVisualStudioVersion = 10.0.40219.1
Project("{FAE04EC0-301F-11D3-BF4B-00C04F79EFBC}") = "UI", "UI\UI.csproj", "{27C758FC-2B1C-4D7E-90A4-9241BFF2E382}"
EndProject
Project("{FAE04EC0-301F-11D3-BF4B-00C04F79EFBC}") = "BauGame.Engine", "..\Monogame.Engine-main\src\BauGame.Engine\BauGame.Engine.csproj", "{888FDF67-282C-A9D4-8084-BAFD289B1A7D}"
EndProject
Global
	GlobalSection(SolutionConfigurationPlatforms) = preSolution
		Debug|Any CPU = Debug|Any CPU
		Release|Any CPU = Release|Any CPU
	EndGlobalSection
	GlobalSection(ProjectConfigurationPlatforms) = postSolution
		{27C758FC-2B1C-4D7E-90A4-9241BFF2E382}.Debug|Any CPU.ActiveCfg = Debug|Any CPU
		{27C758FC-2B1C-4D7E-90A4-9241BFF2E382}.Debug|Any CPU.Build.0 = Debug|Any CPU
		{27C758FC-2B1C-4D7E-90A4-9241BFF2E382}.Release|Any CPU.ActiveCfg = Release|Any CPU
		{27C758FC-2B1C-4D7E-90A4-9241BFF2E382}.Release|Any CPU.Build.0 = Release|Any CPU
		{888FDF67-282C-A9D4-8084-BAFD289B1A7D}.Debug|Any CPU.ActiveCfg = Debug|Any CPU
		{888FDF67-282C-A9D4-8084-BAFD289B1A7D}.Debug|Any CPU.Build.0 = Debug|Any CPU
		{888FDF67-282C-A9D4-8084-BAFD289B1A7D}.Release|Any CPU.ActiveCfg = Release|Any CPU
		{888FDF67-282C-A9D4-8084-BAFD289B1A7D}.Release|Any CPU.Build.0 = Release|Any CPU
	EndGlobalSection
	GlobalSection(SolutionProperties) = preSolution
		HideSolutionNode = FALSE
	EndGlobalSection
	GlobalSection(ExtensibilityGlobals) = postSolution
		SolutionGuid = {831001B0-AD12-4304-8742-2798555495F9}
	EndGlobalSection
EndGlobal
